github.com/bazelbuild/bazel-gazelle v0.47.0 h1:g3Rr1ZbkC1Pk20aOgBITxSD/efS1WbaSty5jC786Z3Q=
github.com/bazelbuild/bazel-gazelle v0.47.0/go.mod h1:8Ozf20jhv+in87nCUHdmUPPcVGTfKg/gotZ/hce3T+w=
github.com/bazelbuild/buildtools v0.0.0-20251112105957-8e68360eeafa h1:IaOUNCNilQPM8o/igIpxzN34lfjPVYsZMiVFmMyKp/0=
github.com/bazelbuild/buildtools v0.0.0-20251112105957-8e68360eeafa/go.mod h1:PLNUetjLa77TCCziPsz0EI8a6CUxgC+1jgmWv0H25tg=
